
Microsoft Visual Studio Solution File, Format Version 12.00
# Visual Studio Version 16
VisualStudioVersion = 16.0.32901.82
MinimumVisualStudioVersion = 10.0.40219.1
Project("{FAE04EC0-301F-11D3-BF4B-00C04F79EFBC}") = "Nine2Table", "Nine2Table\Nine2Table.csproj", "{1F4F924C-8FCA-42CE-992E-9324B322B5B0}"
EndProject
Global
	GlobalSection(SolutionConfigurationPlatforms) = preSolution
		Debug|Any CPU = Debug|Any CPU
		Release|Any CPU = Release|Any CPU
	EndGlobalSection
	GlobalSection(ProjectConfigurationPlatforms) = postSolution
		{1F4F924C-8FCA-42CE-992E-9324B322B5B0}.Debug|Any CPU.ActiveCfg = Debug|Any CPU
		{1F4F924C-8FCA-42CE-992E-9324B322B5B0}.Debug|Any CPU.Build.0 = Debug|Any CPU
		{1F4F924C-8FCA-42CE-992E-9324B322B5B0}.Release|Any CPU.ActiveCfg = Release|Any CPU
		{1F4F924C-8FCA-42CE-992E-9324B322B5B0}.Release|Any CPU.Build.0 = Release|Any CPU
	EndGlobalSection
	GlobalSection(SolutionProperties) = preSolution
		HideSolutionNode = FALSE
	EndGlobalSection
	GlobalSection(ExtensibilityGlobals) = postSolution
		SolutionGuid = {B72F9C11-806F-4EFF-80A2-AEE2FA1E65F3}
	EndGlobalSection
EndGlobal
